// !$*UTF8*$!
{
	archiveVersion = 1;
	classes = {
	};
	objectVersion = 46;
	objects = {

/* Begin PBXBuildFile section */
		361DA0761BE2190400F76120 /* JustGivingKit.h in Headers */ = {isa = PBXBuildFile; fileRef = 361DA0751BE2190400F76120 /* JustGivingKit.h */; settings = {ATTRIBUTES = (Public, ); }; };
		368411351BE2225B00FEE624 /* JGSession.m in Sources */ = {isa = PBXBuildFile; fileRef = 368411331BE2225B00FEE624 /* JGSession.m */; };
		368411501BE23F8C00FEE624 /* JGFundraisingController.m in Sources */ = {isa = PBXBuildFile; fileRef = 3684114E1BE23F8C00FEE624 /* JGFundraisingController.m */; };
		36A4A4ED1BE8D92F007EB555 /* JGDonation.h in Headers */ = {isa = PBXBuildFile; fileRef = 36A4A4EB1BE8D92F007EB555 /* JGDonation.h */; settings = {ATTRIBUTES = (Public, ); }; };
		36A4A4EE1BE8D92F007EB555 /* JGDonation.m in Sources */ = {isa = PBXBuildFile; fileRef = 36A4A4EC1BE8D92F007EB555 /* JGDonation.m */; };
		36A4A52B1BE91990007EB555 /* NSDate+JGDate.h in Headers */ = {isa = PBXBuildFile; fileRef = 36A4A5291BE91990007EB555 /* NSDate+JGDate.h */; };
		36A4A52C1BE91990007EB555 /* NSDate+JGDate.m in Sources */ = {isa = PBXBuildFile; fileRef = 36A4A52A1BE91990007EB555 /* NSDate+JGDate.m */; };
		4909872E1C2A9256000EEE99 /* ModelTests.swift in Sources */ = {isa = PBXBuildFile; fileRef = 4909872D1C2A9256000EEE99 /* ModelTests.swift */; };
		490987301C2A9446000EEE99 /* RetrieveAccount.json in Resources */ = {isa = PBXBuildFile; fileRef = 4909872F1C2A9446000EEE99 /* RetrieveAccount.json */; };
		490987401C2AB2F6000EEE99 /* JGFundraisingController.swift in Sources */ = {isa = PBXBuildFile; fileRef = 4909873F1C2AB2F6000EEE99 /* JGFundraisingController.swift */; };
		490987461C2AB3A1000EEE99 /* Currency.swift in Sources */ = {isa = PBXBuildFile; fileRef = 490987451C2AB3A1000EEE99 /* Currency.swift */; };
		490AE5451C295A65007DE933 /* AccountController.swift in Sources */ = {isa = PBXBuildFile; fileRef = 490AE5441C295A65007DE933 /* AccountController.swift */; };
		490AE5511C295ED5007DE933 /* JustGivingKitTests.swift in Sources */ = {isa = PBXBuildFile; fileRef = 490AE5501C295ED5007DE933 /* JustGivingKitTests.swift */; };
		490AE5531C295ED5007DE933 /* JustGivingKit.framework in Frameworks */ = {isa = PBXBuildFile; fileRef = 361DA0721BE2190400F76120 /* JustGivingKit.framework */; };
		490AE55A1C295EFF007DE933 /* AccountControllerTests.swift in Sources */ = {isa = PBXBuildFile; fileRef = 490AE5591C295EFF007DE933 /* AccountControllerTests.swift */; };
		490AE5681C298FD6007DE933 /* User.swift in Sources */ = {isa = PBXBuildFile; fileRef = 490AE5671C298FD6007DE933 /* User.swift */; };
		490AE56F1C299A7F007DE933 /* Avatar.swift in Sources */ = {isa = PBXBuildFile; fileRef = 490AE56E1C299A7F007DE933 /* Avatar.swift */; };
		490AE5731C29A00B007DE933 /* PostalAddress.swift in Sources */ = {isa = PBXBuildFile; fileRef = 490AE5721C29A00B007DE933 /* PostalAddress.swift */; };
		490AE5751C29AFDB007DE933 /* MonetaryAmount.swift in Sources */ = {isa = PBXBuildFile; fileRef = 490AE5741C29AFDB007DE933 /* MonetaryAmount.swift */; };
		496C48281BE9030D00E653D3 /* Event.swift in Sources */ = {isa = PBXBuildFile; fileRef = 496C48271BE9030D00E653D3 /* Event.swift */; };
		496C482D1BE90EE200E653D3 /* Event.swift in Headers */ = {isa = PBXBuildFile; fileRef = 496C48271BE9030D00E653D3 /* Event.swift */; settings = {ATTRIBUTES = (Public, ); }; };
		4979B52D1C1B29A400DD6405 /* JGFormatter.swift in Sources */ = {isa = PBXBuildFile; fileRef = 4979B52C1C1B29A400DD6405 /* JGFormatter.swift */; };
		4979B5321C1B31AA00DD6405 /* JGDefines.h in Headers */ = {isa = PBXBuildFile; fileRef = 3684113E1BE22AEA00FEE624 /* JGDefines.h */; settings = {ATTRIBUTES = (Public, ); }; };
		4993E4691BECD58C0029D0D8 /* ThunderBasics.framework in Frameworks */ = {isa = PBXBuildFile; fileRef = 368411081BE21A2B00FEE624 /* ThunderBasics.framework */; };
		4993E46A1BECD58C0029D0D8 /* ThunderRequest.framework in Frameworks */ = {isa = PBXBuildFile; fileRef = 368411111BE21A3200FEE624 /* ThunderRequest.framework */; };
		FF05C93B1BE258530039ADF4 /* JGFundraisingPage.h in Headers */ = {isa = PBXBuildFile; fileRef = FF05C9391BE258530039ADF4 /* JGFundraisingPage.h */; settings = {ATTRIBUTES = (Public, ); }; };
		FF05C93C1BE258530039ADF4 /* JGFundraisingPage.m in Sources */ = {isa = PBXBuildFile; fileRef = FF05C93A1BE258530039ADF4 /* JGFundraisingPage.m */; };
		FF05C9411BE25BBB0039ADF4 /* JGFundraisingController.h in Headers */ = {isa = PBXBuildFile; fileRef = 3684114D1BE23F8C00FEE624 /* JGFundraisingController.h */; settings = {ATTRIBUTES = (Public, ); }; };
		FF7517211BE2619E00989F27 /* JGSession.h in Headers */ = {isa = PBXBuildFile; fileRef = 368411321BE2225B00FEE624 /* JGSession.h */; settings = {ATTRIBUTES = (Public, ); }; };
		FF7517281BE3715300989F27 /* JGEventController.h in Headers */ = {isa = PBXBuildFile; fileRef = FF7517261BE3715300989F27 /* JGEventController.h */; settings = {ATTRIBUTES = (Public, ); }; };
		FF7517291BE3715300989F27 /* JGEventController.m in Sources */ = {isa = PBXBuildFile; fileRef = FF7517271BE3715300989F27 /* JGEventController.m */; };
		FFCDF4FB1BF4B19100FA1D49 /* JGDonationController.h in Headers */ = {isa = PBXBuildFile; fileRef = FFCDF4F91BF4B19100FA1D49 /* JGDonationController.h */; settings = {ATTRIBUTES = (Public, ); }; };
		FFCDF4FC1BF4B19100FA1D49 /* JGDonationController.m in Sources */ = {isa = PBXBuildFile; fileRef = FFCDF4FA1BF4B19100FA1D49 /* JGDonationController.m */; };
		FFCDF50F1BF4F85C00FA1D49 /* JGCharityController.h in Headers */ = {isa = PBXBuildFile; fileRef = FFCDF50D1BF4F85C00FA1D49 /* JGCharityController.h */; settings = {ATTRIBUTES = (Public, ); }; };
		FFCDF5101BF4F85C00FA1D49 /* JGCharityController.m in Sources */ = {isa = PBXBuildFile; fileRef = FFCDF50E1BF4F85C00FA1D49 /* JGCharityController.m */; };
		FFD27FC71BE393F400825CD4 /* JGSearchController.h in Headers */ = {isa = PBXBuildFile; fileRef = FFD27FC51BE393F400825CD4 /* JGSearchController.h */; settings = {ATTRIBUTES = (Public, ); }; };
		FFD27FC81BE393F400825CD4 /* JGSearchController.m in Sources */ = {isa = PBXBuildFile; fileRef = FFD27FC61BE393F400825CD4 /* JGSearchController.m */; };
		FFD27FD01BE3945E00825CD4 /* JGSearchQuery.h in Headers */ = {isa = PBXBuildFile; fileRef = FFD27FCE1BE3945E00825CD4 /* JGSearchQuery.h */; settings = {ATTRIBUTES = (Public, ); }; };
		FFD27FD11BE3945E00825CD4 /* JGSearchQuery.m in Sources */ = {isa = PBXBuildFile; fileRef = FFD27FCF1BE3945E00825CD4 /* JGSearchQuery.m */; };
/* End PBXBuildFile section */

/* Begin PBXContainerItemProxy section */
		368411071BE21A2B00FEE624 /* PBXContainerItemProxy */ = {
			isa = PBXContainerItemProxy;
			containerPortal = 368411021BE21A2B00FEE624 /* ThunderBasics.xcodeproj */;
			proxyType = 2;
			remoteGlobalIDString = C272EF8419C831AB004BD339;
			remoteInfo = ThunderBasics;
		};
		368411091BE21A2B00FEE624 /* PBXContainerItemProxy */ = {
			isa = PBXContainerItemProxy;
			containerPortal = 368411021BE21A2B00FEE624 /* ThunderBasics.xcodeproj */;
			proxyType = 2;
			remoteGlobalIDString = C272EF8F19C831AC004BD339;
			remoteInfo = ThunderBasicsTests;
		};
		368411101BE21A3200FEE624 /* PBXContainerItemProxy */ = {
			isa = PBXContainerItemProxy;
			containerPortal = 3684110B1BE21A3200FEE624 /* ThunderRequest.xcodeproj */;
			proxyType = 2;
			remoteGlobalIDString = C2E5088219C835A300350F00;
			remoteInfo = ThunderRequest;
		};
		368411121BE21A3200FEE624 /* PBXContainerItemProxy */ = {
			isa = PBXContainerItemProxy;
			containerPortal = 3684110B1BE21A3200FEE624 /* ThunderRequest.xcodeproj */;
			proxyType = 2;
			remoteGlobalIDString = C2E5088D19C835A300350F00;
			remoteInfo = ThunderRequestTests;
		};
		490AE5541C295ED5007DE933 /* PBXContainerItemProxy */ = {
			isa = PBXContainerItemProxy;
			containerPortal = 361DA0691BE2190400F76120 /* Project object */;
			proxyType = 1;
			remoteGlobalIDString = 361DA0711BE2190400F76120;
			remoteInfo = JustGivingKit;
		};
/* End PBXContainerItemProxy section */

/* Begin PBXFileReference section */
		361DA0721BE2190400F76120 /* JustGivingKit.framework */ = {isa = PBXFileReference; explicitFileType = wrapper.framework; includeInIndex = 0; path = JustGivingKit.framework; sourceTree = BUILT_PRODUCTS_DIR; };
		361DA0751BE2190400F76120 /* JustGivingKit.h */ = {isa = PBXFileReference; lastKnownFileType = sourcecode.c.h; lineEnding = 0; path = JustGivingKit.h; sourceTree = "<group>"; xcLanguageSpecificationIdentifier = xcode.lang.objcpp; };
		361DA0771BE2190400F76120 /* Info.plist */ = {isa = PBXFileReference; lastKnownFileType = text.plist.xml; path = Info.plist; sourceTree = "<group>"; };
		368411021BE21A2B00FEE624 /* ThunderBasics.xcodeproj */ = {isa = PBXFileReference; lastKnownFileType = "wrapper.pb-project"; name = ThunderBasics.xcodeproj; path = "Thunder Basics/ThunderBasics.xcodeproj"; sourceTree = SOURCE_ROOT; };
		3684110B1BE21A3200FEE624 /* ThunderRequest.xcodeproj */ = {isa = PBXFileReference; lastKnownFileType = "wrapper.pb-project"; name = ThunderRequest.xcodeproj; path = "Thunder Request/ThunderRequest.xcodeproj"; sourceTree = SOURCE_ROOT; };
		368411321BE2225B00FEE624 /* JGSession.h */ = {isa = PBXFileReference; fileEncoding = 4; lastKnownFileType = sourcecode.c.h; path = JGSession.h; sourceTree = "<group>"; };
		368411331BE2225B00FEE624 /* JGSession.m */ = {isa = PBXFileReference; fileEncoding = 4; lastKnownFileType = sourcecode.c.objc; lineEnding = 0; path = JGSession.m; sourceTree = "<group>"; xcLanguageSpecificationIdentifier = xcode.lang.objc; };
		3684113E1BE22AEA00FEE624 /* JGDefines.h */ = {isa = PBXFileReference; lastKnownFileType = sourcecode.c.h; path = JGDefines.h; sourceTree = "<group>"; };
		3684114D1BE23F8C00FEE624 /* JGFundraisingController.h */ = {isa = PBXFileReference; fileEncoding = 4; lastKnownFileType = sourcecode.c.h; lineEnding = 0; path = JGFundraisingController.h; sourceTree = "<group>"; xcLanguageSpecificationIdentifier = xcode.lang.objcpp; };
		3684114E1BE23F8C00FEE624 /* JGFundraisingController.m */ = {isa = PBXFileReference; fileEncoding = 4; lastKnownFileType = sourcecode.c.objc; lineEnding = 0; path = JGFundraisingController.m; sourceTree = "<group>"; xcLanguageSpecificationIdentifier = xcode.lang.objc; };
		36A4A4EB1BE8D92F007EB555 /* JGDonation.h */ = {isa = PBXFileReference; fileEncoding = 4; lastKnownFileType = sourcecode.c.h; path = JGDonation.h; sourceTree = "<group>"; };
		36A4A4EC1BE8D92F007EB555 /* JGDonation.m */ = {isa = PBXFileReference; fileEncoding = 4; lastKnownFileType = sourcecode.c.objc; path = JGDonation.m; sourceTree = "<group>"; };
		36A4A5291BE91990007EB555 /* NSDate+JGDate.h */ = {isa = PBXFileReference; fileEncoding = 4; lastKnownFileType = sourcecode.c.h; path = "NSDate+JGDate.h"; sourceTree = "<group>"; };
		36A4A52A1BE91990007EB555 /* NSDate+JGDate.m */ = {isa = PBXFileReference; fileEncoding = 4; lastKnownFileType = sourcecode.c.objc; path = "NSDate+JGDate.m"; sourceTree = "<group>"; };
		4909872D1C2A9256000EEE99 /* ModelTests.swift */ = {isa = PBXFileReference; fileEncoding = 4; lastKnownFileType = sourcecode.swift; lineEnding = 0; path = ModelTests.swift; sourceTree = "<group>"; xcLanguageSpecificationIdentifier = xcode.lang.swift; };
		4909872F1C2A9446000EEE99 /* RetrieveAccount.json */ = {isa = PBXFileReference; fileEncoding = 4; lastKnownFileType = text.json; path = RetrieveAccount.json; sourceTree = "<group>"; };
		4909873F1C2AB2F6000EEE99 /* JGFundraisingController.swift */ = {isa = PBXFileReference; fileEncoding = 4; lastKnownFileType = sourcecode.swift; path = JGFundraisingController.swift; sourceTree = "<group>"; };
		490987451C2AB3A1000EEE99 /* Currency.swift */ = {isa = PBXFileReference; fileEncoding = 4; lastKnownFileType = sourcecode.swift; path = Currency.swift; sourceTree = "<group>"; };
		490AE5441C295A65007DE933 /* AccountController.swift */ = {isa = PBXFileReference; fileEncoding = 4; lastKnownFileType = sourcecode.swift; path = AccountController.swift; sourceTree = "<group>"; };
		490AE54E1C295ED5007DE933 /* JustGivingKitTests.xctest */ = {isa = PBXFileReference; explicitFileType = wrapper.cfbundle; includeInIndex = 0; path = JustGivingKitTests.xctest; sourceTree = BUILT_PRODUCTS_DIR; };
		490AE5501C295ED5007DE933 /* JustGivingKitTests.swift */ = {isa = PBXFileReference; lastKnownFileType = sourcecode.swift; path = JustGivingKitTests.swift; sourceTree = "<group>"; };
		490AE5521C295ED5007DE933 /* Info.plist */ = {isa = PBXFileReference; lastKnownFileType = text.plist.xml; path = Info.plist; sourceTree = "<group>"; };
		490AE5591C295EFF007DE933 /* AccountControllerTests.swift */ = {isa = PBXFileReference; fileEncoding = 4; lastKnownFileType = sourcecode.swift; path = AccountControllerTests.swift; sourceTree = "<group>"; };
		490AE5671C298FD6007DE933 /* User.swift */ = {isa = PBXFileReference; fileEncoding = 4; lastKnownFileType = sourcecode.swift; lineEnding = 0; path = User.swift; sourceTree = "<group>"; xcLanguageSpecificationIdentifier = xcode.lang.swift; };
		490AE56E1C299A7F007DE933 /* Avatar.swift */ = {isa = PBXFileReference; fileEncoding = 4; lastKnownFileType = sourcecode.swift; path = Avatar.swift; sourceTree = "<group>"; };
		490AE5721C29A00B007DE933 /* PostalAddress.swift */ = {isa = PBXFileReference; fileEncoding = 4; lastKnownFileType = sourcecode.swift; path = PostalAddress.swift; sourceTree = "<group>"; };
		490AE5741C29AFDB007DE933 /* MonetaryAmount.swift */ = {isa = PBXFileReference; fileEncoding = 4; lastKnownFileType = sourcecode.swift; path = MonetaryAmount.swift; sourceTree = "<group>"; };
		496C48271BE9030D00E653D3 /* Event.swift */ = {isa = PBXFileReference; fileEncoding = 4; lastKnownFileType = sourcecode.swift; lineEnding = 0; path = Event.swift; sourceTree = "<group>"; xcLanguageSpecificationIdentifier = xcode.lang.swift; };
		4979B52C1C1B29A400DD6405 /* JGFormatter.swift */ = {isa = PBXFileReference; fileEncoding = 4; lastKnownFileType = sourcecode.swift; path = JGFormatter.swift; sourceTree = "<group>"; };
		4993E4651BECD5640029D0D8 /* ThunderBasics.framework */ = {isa = PBXFileReference; lastKnownFileType = wrapper.framework; name = ThunderBasics.framework; path = "../Thunder Basics/build/Debug-iphoneos/ThunderBasics.framework"; sourceTree = "<group>"; };
		4993E4661BECD5640029D0D8 /* ThunderRequest.framework */ = {isa = PBXFileReference; lastKnownFileType = wrapper.framework; name = ThunderRequest.framework; path = "../Thunder Request/build/Debug-iphoneos/ThunderRequest.framework"; sourceTree = "<group>"; };
		FF05C9391BE258530039ADF4 /* JGFundraisingPage.h */ = {isa = PBXFileReference; fileEncoding = 4; lastKnownFileType = sourcecode.c.h; path = JGFundraisingPage.h; sourceTree = "<group>"; };
		FF05C93A1BE258530039ADF4 /* JGFundraisingPage.m */ = {isa = PBXFileReference; fileEncoding = 4; lastKnownFileType = sourcecode.c.objc; path = JGFundraisingPage.m; sourceTree = "<group>"; };
		FF7517261BE3715300989F27 /* JGEventController.h */ = {isa = PBXFileReference; fileEncoding = 4; lastKnownFileType = sourcecode.c.h; lineEnding = 0; path = JGEventController.h; sourceTree = "<group>"; xcLanguageSpecificationIdentifier = xcode.lang.objcpp; };
		FF7517271BE3715300989F27 /* JGEventController.m */ = {isa = PBXFileReference; fileEncoding = 4; lastKnownFileType = sourcecode.c.objc; lineEnding = 0; path = JGEventController.m; sourceTree = "<group>"; xcLanguageSpecificationIdentifier = xcode.lang.objc; };
		FFCDF4F91BF4B19100FA1D49 /* JGDonationController.h */ = {isa = PBXFileReference; fileEncoding = 4; lastKnownFileType = sourcecode.c.h; lineEnding = 0; path = JGDonationController.h; sourceTree = "<group>"; xcLanguageSpecificationIdentifier = xcode.lang.objcpp; };
		FFCDF4FA1BF4B19100FA1D49 /* JGDonationController.m */ = {isa = PBXFileReference; fileEncoding = 4; lastKnownFileType = sourcecode.c.objc; path = JGDonationController.m; sourceTree = "<group>"; };
		FFCDF50D1BF4F85C00FA1D49 /* JGCharityController.h */ = {isa = PBXFileReference; fileEncoding = 4; lastKnownFileType = sourcecode.c.h; path = JGCharityController.h; sourceTree = "<group>"; };
		FFCDF50E1BF4F85C00FA1D49 /* JGCharityController.m */ = {isa = PBXFileReference; fileEncoding = 4; lastKnownFileType = sourcecode.c.objc; path = JGCharityController.m; sourceTree = "<group>"; };
		FFD27FC51BE393F400825CD4 /* JGSearchController.h */ = {isa = PBXFileReference; fileEncoding = 4; lastKnownFileType = sourcecode.c.h; path = JGSearchController.h; sourceTree = "<group>"; };
		FFD27FC61BE393F400825CD4 /* JGSearchController.m */ = {isa = PBXFileReference; fileEncoding = 4; lastKnownFileType = sourcecode.c.objc; path = JGSearchController.m; sourceTree = "<group>"; };
		FFD27FCE1BE3945E00825CD4 /* JGSearchQuery.h */ = {isa = PBXFileReference; fileEncoding = 4; lastKnownFileType = sourcecode.c.h; path = JGSearchQuery.h; sourceTree = "<group>"; };
		FFD27FCF1BE3945E00825CD4 /* JGSearchQuery.m */ = {isa = PBXFileReference; fileEncoding = 4; lastKnownFileType = sourcecode.c.objc; path = JGSearchQuery.m; sourceTree = "<group>"; };
/* End PBXFileReference section */

/* Begin PBXFrameworksBuildPhase section */
		361DA06E1BE2190400F76120 /* Frameworks */ = {
			isa = PBXFrameworksBuildPhase;
			buildActionMask = 2147483647;
			files = (
				4993E4691BECD58C0029D0D8 /* ThunderBasics.framework in Frameworks */,
				4993E46A1BECD58C0029D0D8 /* ThunderRequest.framework in Frameworks */,
			);
			runOnlyForDeploymentPostprocessing = 0;
		};
		490AE54B1C295ED5007DE933 /* Frameworks */ = {
			isa = PBXFrameworksBuildPhase;
			buildActionMask = 2147483647;
			files = (
				490AE5531C295ED5007DE933 /* JustGivingKit.framework in Frameworks */,
			);
			runOnlyForDeploymentPostprocessing = 0;
		};
/* End PBXFrameworksBuildPhase section */

/* Begin PBXGroup section */
		361DA0681BE2190400F76120 = {
			isa = PBXGroup;
			children = (
				4993E4651BECD5640029D0D8 /* ThunderBasics.framework */,
				4993E4661BECD5640029D0D8 /* ThunderRequest.framework */,
				361DA0741BE2190400F76120 /* JustGivingKit */,
				490AE54F1C295ED5007DE933 /* JustGivingKitTests */,
				361DA0731BE2190400F76120 /* Products */,
			);
			sourceTree = "<group>";
		};
		361DA0731BE2190400F76120 /* Products */ = {
			isa = PBXGroup;
			children = (
				361DA0721BE2190400F76120 /* JustGivingKit.framework */,
				490AE54E1C295ED5007DE933 /* JustGivingKitTests.xctest */,
			);
			name = Products;
			sourceTree = "<group>";
		};
		361DA0741BE2190400F76120 /* JustGivingKit */ = {
			isa = PBXGroup;
			children = (
				36A4A5191BE9173C007EB555 /* Helpers */,
				3684113D1BE22ABE00FEE624 /* Constants */,
				3684113C1BE22AAD00FEE624 /* Models */,
				3684113A1BE22A6D00FEE624 /* Controllers */,
				368411011BE21A1D00FEE624 /* Supporting Files */,
			);
			path = JustGivingKit;
			sourceTree = "<group>";
		};
		368411011BE21A1D00FEE624 /* Supporting Files */ = {
			isa = PBXGroup;
			children = (
				361DA0751BE2190400F76120 /* JustGivingKit.h */,
				361DA0771BE2190400F76120 /* Info.plist */,
				368411021BE21A2B00FEE624 /* ThunderBasics.xcodeproj */,
				3684110B1BE21A3200FEE624 /* ThunderRequest.xcodeproj */,
			);
			name = "Supporting Files";
			sourceTree = "<group>";
		};
		368411031BE21A2B00FEE624 /* Products */ = {
			isa = PBXGroup;
			children = (
				368411081BE21A2B00FEE624 /* ThunderBasics.framework */,
				3684110A1BE21A2B00FEE624 /* ThunderBasicsTests.xctest */,
			);
			name = Products;
			sourceTree = "<group>";
		};
		3684110C1BE21A3200FEE624 /* Products */ = {
			isa = PBXGroup;
			children = (
				368411111BE21A3200FEE624 /* ThunderRequest.framework */,
				368411131BE21A3200FEE624 /* ThunderRequestTests.xctest */,
			);
			name = Products;
			sourceTree = "<group>";
		};
		3684113A1BE22A6D00FEE624 /* Controllers */ = {
			isa = PBXGroup;
			children = (
				4909873F1C2AB2F6000EEE99 /* JGFundraisingController.swift */,
				FFD27FCD1BE3941A00825CD4 /* Search */,
				490AE5441C295A65007DE933 /* AccountController.swift */,
				368411321BE2225B00FEE624 /* JGSession.h */,
				368411331BE2225B00FEE624 /* JGSession.m */,
				3684114D1BE23F8C00FEE624 /* JGFundraisingController.h */,
				3684114E1BE23F8C00FEE624 /* JGFundraisingController.m */,
				FF7517261BE3715300989F27 /* JGEventController.h */,
				FF7517271BE3715300989F27 /* JGEventController.m */,
				FFCDF4F91BF4B19100FA1D49 /* JGDonationController.h */,
				FFCDF4FA1BF4B19100FA1D49 /* JGDonationController.m */,
				FFCDF50D1BF4F85C00FA1D49 /* JGCharityController.h */,
				FFCDF50E1BF4F85C00FA1D49 /* JGCharityController.m */,
			);
			name = Controllers;
			sourceTree = "<group>";
		};
		3684113C1BE22AAD00FEE624 /* Models */ = {
			isa = PBXGroup;
			children = (
				490987451C2AB3A1000EEE99 /* Currency.swift */,
				490AE5741C29AFDB007DE933 /* MonetaryAmount.swift */,
				490AE56E1C299A7F007DE933 /* Avatar.swift */,
				490AE5721C29A00B007DE933 /* PostalAddress.swift */,
				FFD27FD21BE3946500825CD4 /* Search */,
				490AE5671C298FD6007DE933 /* User.swift */,
				FF05C9391BE258530039ADF4 /* JGFundraisingPage.h */,
				FF05C93A1BE258530039ADF4 /* JGFundraisingPage.m */,
				36A4A4EB1BE8D92F007EB555 /* JGDonation.h */,
				36A4A4EC1BE8D92F007EB555 /* JGDonation.m */,
				496C48271BE9030D00E653D3 /* Event.swift */,
			);
			name = Models;
			sourceTree = "<group>";
		};
		3684113D1BE22ABE00FEE624 /* Constants */ = {
			isa = PBXGroup;
			children = (
				3684113E1BE22AEA00FEE624 /* JGDefines.h */,
			);
			name = Constants;
			sourceTree = "<group>";
		};
		36A4A5191BE9173C007EB555 /* Helpers */ = {
			isa = PBXGroup;
			children = (
				36A4A5291BE91990007EB555 /* NSDate+JGDate.h */,
				36A4A52A1BE91990007EB555 /* NSDate+JGDate.m */,
				4979B52C1C1B29A400DD6405 /* JGFormatter.swift */,
			);
			name = Helpers;
			sourceTree = "<group>";
		};
		490AE54F1C295ED5007DE933 /* JustGivingKitTests */ = {
			isa = PBXGroup;
			children = (
				4909872F1C2A9446000EEE99 /* RetrieveAccount.json */,
				4909872D1C2A9256000EEE99 /* ModelTests.swift */,
				490AE5501C295ED5007DE933 /* JustGivingKitTests.swift */,
				490AE5591C295EFF007DE933 /* AccountControllerTests.swift */,
				490AE5521C295ED5007DE933 /* Info.plist */,
			);
			path = JustGivingKitTests;
			sourceTree = "<group>";
		};
		FFD27FCD1BE3941A00825CD4 /* Search */ = {
			isa = PBXGroup;
			children = (
				FFD27FC51BE393F400825CD4 /* JGSearchController.h */,
				FFD27FC61BE393F400825CD4 /* JGSearchController.m */,
			);
			name = Search;
			sourceTree = "<group>";
		};
		FFD27FD21BE3946500825CD4 /* Search */ = {
			isa = PBXGroup;
			children = (
				FFD27FCE1BE3945E00825CD4 /* JGSearchQuery.h */,
				FFD27FCF1BE3945E00825CD4 /* JGSearchQuery.m */,
			);
			name = Search;
			sourceTree = "<group>";
		};
/* End PBXGroup section */

/* Begin PBXHeadersBuildPhase section */
		361DA06F1BE2190400F76120 /* Headers */ = {
			isa = PBXHeadersBuildPhase;
			buildActionMask = 2147483647;
			files = (
				FF05C93B1BE258530039ADF4 /* JGFundraisingPage.h in Headers */,
				FF05C9411BE25BBB0039ADF4 /* JGFundraisingController.h in Headers */,
				36A4A52B1BE91990007EB555 /* NSDate+JGDate.h in Headers */,
				FF7517281BE3715300989F27 /* JGEventController.h in Headers */,
				FFD27FD01BE3945E00825CD4 /* JGSearchQuery.h in Headers */,
				FFD27FC71BE393F400825CD4 /* JGSearchController.h in Headers */,
				FF7517211BE2619E00989F27 /* JGSession.h in Headers */,
				36A4A4ED1BE8D92F007EB555 /* JGDonation.h in Headers */,
				FFCDF50F1BF4F85C00FA1D49 /* JGCharityController.h in Headers */,
				FFCDF4FB1BF4B19100FA1D49 /* JGDonationController.h in Headers */,
				4979B5321C1B31AA00DD6405 /* JGDefines.h in Headers */,
				361DA0761BE2190400F76120 /* JustGivingKit.h in Headers */,
				496C482D1BE90EE200E653D3 /* Event.swift in Headers */,
			);
			runOnlyForDeploymentPostprocessing = 0;
		};
/* End PBXHeadersBuildPhase section */

/* Begin PBXNativeTarget section */
		361DA0711BE2190400F76120 /* JustGivingKit */ = {
			isa = PBXNativeTarget;
			buildConfigurationList = 361DA07A1BE2190400F76120 /* Build configuration list for PBXNativeTarget "JustGivingKit" */;
			buildPhases = (
				361DA06D1BE2190400F76120 /* Sources */,
				361DA06E1BE2190400F76120 /* Frameworks */,
				361DA06F1BE2190400F76120 /* Headers */,
				361DA0701BE2190400F76120 /* Resources */,
			);
			buildRules = (
			);
			dependencies = (
			);
			name = JustGivingKit;
			productName = JustGivingKit;
			productReference = 361DA0721BE2190400F76120 /* JustGivingKit.framework */;
			productType = "com.apple.product-type.framework";
		};
		490AE54D1C295ED5007DE933 /* JustGivingKitTests */ = {
			isa = PBXNativeTarget;
			buildConfigurationList = 490AE5561C295ED5007DE933 /* Build configuration list for PBXNativeTarget "JustGivingKitTests" */;
			buildPhases = (
				490AE54A1C295ED5007DE933 /* Sources */,
				490AE54B1C295ED5007DE933 /* Frameworks */,
				490AE54C1C295ED5007DE933 /* Resources */,
			);
			buildRules = (
			);
			dependencies = (
				490AE5551C295ED5007DE933 /* PBXTargetDependency */,
			);
			name = JustGivingKitTests;
			productName = JustGivingKitTests;
			productReference = 490AE54E1C295ED5007DE933 /* JustGivingKitTests.xctest */;
			productType = "com.apple.product-type.bundle.unit-test";
		};
/* End PBXNativeTarget section */

/* Begin PBXProject section */
		361DA0691BE2190400F76120 /* Project object */ = {
			isa = PBXProject;
			attributes = {
				LastSwiftUpdateCheck = 0720;
				LastUpgradeCheck = 0700;
				ORGANIZATIONNAME = "3 Sided Cube";
				TargetAttributes = {
					361DA0711BE2190400F76120 = {
						CreatedOnToolsVersion = 7.0;
					};
					490AE54D1C295ED5007DE933 = {
						CreatedOnToolsVersion = 7.2;
					};
				};
			};
			buildConfigurationList = 361DA06C1BE2190400F76120 /* Build configuration list for PBXProject "JustGivingKit" */;
			compatibilityVersion = "Xcode 3.2";
			developmentRegion = English;
			hasScannedForEncodings = 0;
			knownRegions = (
				en,
			);
			mainGroup = 361DA0681BE2190400F76120;
			productRefGroup = 361DA0731BE2190400F76120 /* Products */;
			projectDirPath = "";
			projectReferences = (
				{
					ProductGroup = 368411031BE21A2B00FEE624 /* Products */;
					ProjectRef = 368411021BE21A2B00FEE624 /* ThunderBasics.xcodeproj */;
				},
				{
					ProductGroup = 3684110C1BE21A3200FEE624 /* Products */;
					ProjectRef = 3684110B1BE21A3200FEE624 /* ThunderRequest.xcodeproj */;
				},
			);
			projectRoot = "";
			targets = (
				361DA0711BE2190400F76120 /* JustGivingKit */,
				490AE54D1C295ED5007DE933 /* JustGivingKitTests */,
			);
		};
/* End PBXProject section */

/* Begin PBXReferenceProxy section */
		368411081BE21A2B00FEE624 /* ThunderBasics.framework */ = {
			isa = PBXReferenceProxy;
			fileType = wrapper.framework;
			path = ThunderBasics.framework;
			remoteRef = 368411071BE21A2B00FEE624 /* PBXContainerItemProxy */;
			sourceTree = BUILT_PRODUCTS_DIR;
		};
		3684110A1BE21A2B00FEE624 /* ThunderBasicsTests.xctest */ = {
			isa = PBXReferenceProxy;
			fileType = wrapper.cfbundle;
			path = ThunderBasicsTests.xctest;
			remoteRef = 368411091BE21A2B00FEE624 /* PBXContainerItemProxy */;
			sourceTree = BUILT_PRODUCTS_DIR;
		};
		368411111BE21A3200FEE624 /* ThunderRequest.framework */ = {
			isa = PBXReferenceProxy;
			fileType = wrapper.framework;
			path = ThunderRequest.framework;
			remoteRef = 368411101BE21A3200FEE624 /* PBXContainerItemProxy */;
			sourceTree = BUILT_PRODUCTS_DIR;
		};
		368411131BE21A3200FEE624 /* ThunderRequestTests.xctest */ = {
			isa = PBXReferenceProxy;
			fileType = wrapper.cfbundle;
			path = ThunderRequestTests.xctest;
			remoteRef = 368411121BE21A3200FEE624 /* PBXContainerItemProxy */;
			sourceTree = BUILT_PRODUCTS_DIR;
		};
/* End PBXReferenceProxy section */

/* Begin PBXResourcesBuildPhase section */
		361DA0701BE2190400F76120 /* Resources */ = {
			isa = PBXResourcesBuildPhase;
			buildActionMask = 2147483647;
			files = (
			);
			runOnlyForDeploymentPostprocessing = 0;
		};
		490AE54C1C295ED5007DE933 /* Resources */ = {
			isa = PBXResourcesBuildPhase;
			buildActionMask = 2147483647;
			files = (
				490987301C2A9446000EEE99 /* RetrieveAccount.json in Resources */,
			);
			runOnlyForDeploymentPostprocessing = 0;
		};
/* End PBXResourcesBuildPhase section */

/* Begin PBXSourcesBuildPhase section */
		361DA06D1BE2190400F76120 /* Sources */ = {
			isa = PBXSourcesBuildPhase;
			buildActionMask = 2147483647;
			files = (
				368411501BE23F8C00FEE624 /* JGFundraisingController.m in Sources */,
				FFCDF5101BF4F85C00FA1D49 /* JGCharityController.m in Sources */,
				496C48281BE9030D00E653D3 /* Event.swift in Sources */,
				490AE56F1C299A7F007DE933 /* Avatar.swift in Sources */,
				368411351BE2225B00FEE624 /* JGSession.m in Sources */,
				490987461C2AB3A1000EEE99 /* Currency.swift in Sources */,
				FF05C93C1BE258530039ADF4 /* JGFundraisingPage.m in Sources */,
				490987401C2AB2F6000EEE99 /* JGFundraisingController.swift in Sources */,
				490AE5681C298FD6007DE933 /* User.swift in Sources */,
				490AE5731C29A00B007DE933 /* PostalAddress.swift in Sources */,
				FF7517291BE3715300989F27 /* JGEventController.m in Sources */,
				490AE5451C295A65007DE933 /* AccountController.swift in Sources */,
				36A4A4EE1BE8D92F007EB555 /* JGDonation.m in Sources */,
				4979B52D1C1B29A400DD6405 /* JGFormatter.swift in Sources */,
				FFD27FC81BE393F400825CD4 /* JGSearchController.m in Sources */,
				490AE5751C29AFDB007DE933 /* MonetaryAmount.swift in Sources */,
				FFD27FD11BE3945E00825CD4 /* JGSearchQuery.m in Sources */,
				FFCDF4FC1BF4B19100FA1D49 /* JGDonationController.m in Sources */,
				36A4A52C1BE91990007EB555 /* NSDate+JGDate.m in Sources */,
			);
			runOnlyForDeploymentPostprocessing = 0;
		};
		490AE54A1C295ED5007DE933 /* Sources */ = {
			isa = PBXSourcesBuildPhase;
			buildActionMask = 2147483647;
			files = (
				4909872E1C2A9256000EEE99 /* ModelTests.swift in Sources */,
				490AE5511C295ED5007DE933 /* JustGivingKitTests.swift in Sources */,
				490AE55A1C295EFF007DE933 /* AccountControllerTests.swift in Sources */,
			);
			runOnlyForDeploymentPostprocessing = 0;
		};
/* End PBXSourcesBuildPhase section */

/* Begin PBXTargetDependency section */
		490AE5551C295ED5007DE933 /* PBXTargetDependency */ = {
			isa = PBXTargetDependency;
			target = 361DA0711BE2190400F76120 /* JustGivingKit */;
			targetProxy = 490AE5541C295ED5007DE933 /* PBXContainerItemProxy */;
		};
/* End PBXTargetDependency section */

/* Begin XCBuildConfiguration section */
		361DA0781BE2190400F76120 /* Debug */ = {
			isa = XCBuildConfiguration;
			buildSettings = {
				ALWAYS_SEARCH_USER_PATHS = NO;
				CLANG_CXX_LANGUAGE_STANDARD = "gnu++0x";
				CLANG_CXX_LIBRARY = "libc++";
				CLANG_ENABLE_MODULES = YES;
				CLANG_ENABLE_OBJC_ARC = YES;
				CLANG_WARN_BOOL_CONVERSION = YES;
				CLANG_WARN_CONSTANT_CONVERSION = YES;
				CLANG_WARN_DIRECT_OBJC_ISA_USAGE = YES_ERROR;
				CLANG_WARN_EMPTY_BODY = YES;
				CLANG_WARN_ENUM_CONVERSION = YES;
				CLANG_WARN_INT_CONVERSION = YES;
				CLANG_WARN_OBJC_ROOT_CLASS = YES_ERROR;
				CLANG_WARN_UNREACHABLE_CODE = YES;
				CLANG_WARN__DUPLICATE_METHOD_MATCH = YES;
				"CODE_SIGN_IDENTITY[sdk=iphoneos*]" = "iPhone Developer";
				COPY_PHASE_STRIP = NO;
				CURRENT_PROJECT_VERSION = 1;
				DEBUG_INFORMATION_FORMAT = dwarf;
				ENABLE_STRICT_OBJC_MSGSEND = YES;
				ENABLE_TESTABILITY = YES;
				GCC_C_LANGUAGE_STANDARD = gnu99;
				GCC_DYNAMIC_NO_PIC = NO;
				GCC_NO_COMMON_BLOCKS = YES;
				GCC_OPTIMIZATION_LEVEL = 0;
				GCC_PREPROCESSOR_DEFINITIONS = (
					"DEBUG=1",
					"$(inherited)",
				);
				GCC_WARN_64_TO_32_BIT_CONVERSION = YES;
				GCC_WARN_ABOUT_RETURN_TYPE = YES_ERROR;
				GCC_WARN_UNDECLARED_SELECTOR = YES;
				GCC_WARN_UNINITIALIZED_AUTOS = YES_AGGRESSIVE;
				GCC_WARN_UNUSED_FUNCTION = YES;
				GCC_WARN_UNUSED_VARIABLE = YES;
				IPHONEOS_DEPLOYMENT_TARGET = 9.0;
				MTL_ENABLE_DEBUG_INFO = YES;
				ONLY_ACTIVE_ARCH = YES;
				SDKROOT = iphoneos;
				TARGETED_DEVICE_FAMILY = "1,2";
				VERSIONING_SYSTEM = "apple-generic";
				VERSION_INFO_PREFIX = "";
			};
			name = Debug;
		};
		361DA0791BE2190400F76120 /* Release */ = {
			isa = XCBuildConfiguration;
			buildSettings = {
				ALWAYS_SEARCH_USER_PATHS = NO;
				CLANG_CXX_LANGUAGE_STANDARD = "gnu++0x";
				CLANG_CXX_LIBRARY = "libc++";
				CLANG_ENABLE_MODULES = YES;
				CLANG_ENABLE_OBJC_ARC = YES;
				CLANG_WARN_BOOL_CONVERSION = YES;
				CLANG_WARN_CONSTANT_CONVERSION = YES;
				CLANG_WARN_DIRECT_OBJC_ISA_USAGE = YES_ERROR;
				CLANG_WARN_EMPTY_BODY = YES;
				CLANG_WARN_ENUM_CONVERSION = YES;
				CLANG_WARN_INT_CONVERSION = YES;
				CLANG_WARN_OBJC_ROOT_CLASS = YES_ERROR;
				CLANG_WARN_UNREACHABLE_CODE = YES;
				CLANG_WARN__DUPLICATE_METHOD_MATCH = YES;
				"CODE_SIGN_IDENTITY[sdk=iphoneos*]" = "iPhone Developer";
				COPY_PHASE_STRIP = NO;
				CURRENT_PROJECT_VERSION = 1;
				DEBUG_INFORMATION_FORMAT = "dwarf-with-dsym";
				ENABLE_NS_ASSERTIONS = NO;
				ENABLE_STRICT_OBJC_MSGSEND = YES;
				GCC_C_LANGUAGE_STANDARD = gnu99;
				GCC_NO_COMMON_BLOCKS = YES;
				GCC_WARN_64_TO_32_BIT_CONVERSION = YES;
				GCC_WARN_ABOUT_RETURN_TYPE = YES_ERROR;
				GCC_WARN_UNDECLARED_SELECTOR = YES;
				GCC_WARN_UNINITIALIZED_AUTOS = YES_AGGRESSIVE;
				GCC_WARN_UNUSED_FUNCTION = YES;
				GCC_WARN_UNUSED_VARIABLE = YES;
				IPHONEOS_DEPLOYMENT_TARGET = 9.0;
				MTL_ENABLE_DEBUG_INFO = NO;
				SDKROOT = iphoneos;
				TARGETED_DEVICE_FAMILY = "1,2";
				VALIDATE_PRODUCT = YES;
				VERSIONING_SYSTEM = "apple-generic";
				VERSION_INFO_PREFIX = "";
			};
			name = Release;
		};
		361DA07B1BE2190400F76120 /* Debug */ = {
			isa = XCBuildConfiguration;
			buildSettings = {
				CLANG_ENABLE_MODULES = YES;
				DEFINES_MODULE = YES;
				DYLIB_COMPATIBILITY_VERSION = 1;
				DYLIB_CURRENT_VERSION = 1;
				DYLIB_INSTALL_NAME_BASE = "@rpath";
				EMBEDDED_CONTENT_CONTAINS_SWIFT = NO;
				INFOPLIST_FILE = JustGivingKit/Info.plist;
				INSTALL_PATH = "$(LOCAL_LIBRARY_DIR)/Frameworks";
				IPHONEOS_DEPLOYMENT_TARGET = 8.0;
				LD_RUNPATH_SEARCH_PATHS = "$(inherited) @executable_path/Frameworks @loader_path/Frameworks";
				PRODUCT_BUNDLE_IDENTIFIER = com.threesidedcube.JustGivingKit;
				PRODUCT_NAME = "$(TARGET_NAME)";
				SKIP_INSTALL = YES;
				SWIFT_OPTIMIZATION_LEVEL = "-Onone";
			};
			name = Debug;
		};
		361DA07C1BE2190400F76120 /* Release */ = {
			isa = XCBuildConfiguration;
			buildSettings = {
				CLANG_ENABLE_MODULES = YES;
				DEFINES_MODULE = YES;
				DYLIB_COMPATIBILITY_VERSION = 1;
				DYLIB_CURRENT_VERSION = 1;
				DYLIB_INSTALL_NAME_BASE = "@rpath";
				EMBEDDED_CONTENT_CONTAINS_SWIFT = NO;
				INFOPLIST_FILE = JustGivingKit/Info.plist;
				INSTALL_PATH = "$(LOCAL_LIBRARY_DIR)/Frameworks";
				IPHONEOS_DEPLOYMENT_TARGET = 8.0;
				LD_RUNPATH_SEARCH_PATHS = "$(inherited) @executable_path/Frameworks @loader_path/Frameworks";
				PRODUCT_BUNDLE_IDENTIFIER = com.threesidedcube.JustGivingKit;
				PRODUCT_NAME = "$(TARGET_NAME)";
				SKIP_INSTALL = YES;
			};
			name = Release;
		};
		490AE5571C295ED5007DE933 /* Debug */ = {
			isa = XCBuildConfiguration;
			buildSettings = {
				INFOPLIST_FILE = JustGivingKitTests/Info.plist;
				IPHONEOS_DEPLOYMENT_TARGET = 9.2;
				LD_RUNPATH_SEARCH_PATHS = "$(inherited) @executable_path/Frameworks @loader_path/Frameworks";
				PRODUCT_BUNDLE_IDENTIFIER = com.threesidedcube.JustGivingKitTests;
				PRODUCT_NAME = "$(TARGET_NAME)";
				SWIFT_OPTIMIZATION_LEVEL = "-Onone";
			};
			name = Debug;
		};
		490AE5581C295ED5007DE933 /* Release */ = {
			isa = XCBuildConfiguration;
			buildSettings = {
				INFOPLIST_FILE = JustGivingKitTests/Info.plist;
				IPHONEOS_DEPLOYMENT_TARGET = 9.2;
				LD_RUNPATH_SEARCH_PATHS = "$(inherited) @executable_path/Frameworks @loader_path/Frameworks";
				PRODUCT_BUNDLE_IDENTIFIER = com.threesidedcube.JustGivingKitTests;
				PRODUCT_NAME = "$(TARGET_NAME)";
			};
			name = Release;
		};
/* End XCBuildConfiguration section */

/* Begin XCConfigurationList section */
		361DA06C1BE2190400F76120 /* Build configuration list for PBXProject "JustGivingKit" */ = {
			isa = XCConfigurationList;
			buildConfigurations = (
				361DA0781BE2190400F76120 /* Debug */,
				361DA0791BE2190400F76120 /* Release */,
			);
			defaultConfigurationIsVisible = 0;
			defaultConfigurationName = Release;
		};
		361DA07A1BE2190400F76120 /* Build configuration list for PBXNativeTarget "JustGivingKit" */ = {
			isa = XCConfigurationList;
			buildConfigurations = (
				361DA07B1BE2190400F76120 /* Debug */,
				361DA07C1BE2190400F76120 /* Release */,
			);
			defaultConfigurationIsVisible = 0;
			defaultConfigurationName = Release;
		};
		490AE5561C295ED5007DE933 /* Build configuration list for PBXNativeTarget "JustGivingKitTests" */ = {
			isa = XCConfigurationList;
			buildConfigurations = (
				490AE5571C295ED5007DE933 /* Debug */,
				490AE5581C295ED5007DE933 /* Release */,
			);
			defaultConfigurationIsVisible = 0;
			defaultConfigurationName = Release;
		};
/* End XCConfigurationList section */
	};
	rootObject = 361DA0691BE2190400F76120 /* Project object */;
}
